{
    "_readme": [
        "This file locks the dependencies of your project to a known state",
        "Read more about it at http://getcomposer.org/doc/01-basic-usage.md#composer-lock-the-lock-file"
    ],
    "hash": "4dec47d0902f367ee704b12ea61b528f",
    "packages": [
        {
            "name": "ehough/chaingang",
            "version": "1.0.3",
            "source": {
                "type": "git",
                "url": "https://github.com/ehough/chaingang.git",
                "reference": "a94a458bdd468d85231984454508bf3049052157"
            },
            "dist": {
                "type": "zip",
                "url": "https://api.github.com/repos/ehough/chaingang/zipball/a94a458bdd468d85231984454508bf3049052157",
                "reference": "a94a458bdd468d85231984454508bf3049052157",
                "shasum": ""
            },
            "require": {
                "php": ">=5.2.0"
            },
            "require-dev": {
                "ehough/mockery": "~1.0.0"
            },
            "type": "library",
            "autoload": {
                "psr-0": {
                    "ehough_chaingang": "src/main/php"
                }
            },
            "notification-url": "https://packagist.org/downloads/",
            "license": [
                "MPL-2.0"
            ],
            "authors": [
                {
                    "name": "Eric Hough",
                    "email": "eric@ehough.com",
                    "homepage": "http://ehough.com"
                }
            ],
            "description": "Chain-of-Responsibility / Chain-of-Command pattern in PHP.",
            "homepage": "https://github.com/ehough/chaingang",
            "time": "2013-03-28 18:28:21"
        },
        {
            "name": "ehough/coauthor",
            "version": "v1.0.0",
            "source": {
                "type": "git",
                "url": "https://github.com/ehough/coauthor.git",
                "reference": "69d0859b809761fe1734b9c08069a3cf16b61dac"
            },
            "dist": {
                "type": "zip",
                "url": "https://api.github.com/repos/ehough/coauthor/zipball/69d0859b809761fe1734b9c08069a3cf16b61dac",
                "reference": "69d0859b809761fe1734b9c08069a3cf16b61dac",
                "shasum": ""
            },
            "require": {
                "ehough/shortstop": "~2.0.0",
                "php": ">=5.2.0"
            },
            "require-dev": {
                "ehough/mockery": "~0.8",
                "phpunit/phpunit": "3.7.*"
            },
            "type": "library",
            "autoload": {
                "psr-0": {
                    "ehough_coauthor": "src/main/php"
                }
            },
            "notification-url": "https://packagist.org/downloads/",
            "license": [
                "MPL-2.0"
            ],
            "authors": [
                {
                    "name": "Eric Hough",
                    "email": "eric@ehough.com",
                    "homepage": "http://ehough.com"
                }
            ],
            "description": "OAuth client backed by ehough/shortstop",
            "homepage": "https://github.com/ehough/coauthor",
            "time": "2013-08-27 20:35:58"
        },
        {
            "name": "ehough/contemplate",
            "version": "1.0.4",
            "source": {
                "type": "git",
                "url": "https://github.com/ehough/contemplate.git",
                "reference": "15f8dc18c40e68fa354993fb8406791ccab134db"
            },
            "dist": {
                "type": "zip",
                "url": "https://api.github.com/repos/ehough/contemplate/zipball/15f8dc18c40e68fa354993fb8406791ccab134db",
                "reference": "15f8dc18c40e68fa354993fb8406791ccab134db",
                "shasum": ""
            },
            "require": {
                "php": ">=5.1.0"
            },
            "require-dev": {
                "phpunit/phpunit": "3.7.*"
            },
            "type": "library",
            "autoload": {
                "psr-0": {
                    "ehough_contemplate": "src/main/php"
                }
            },
            "notification-url": "https://packagist.org/downloads/",
            "license": [
                "MPL-2.0"
            ],
            "authors": [
                {
                    "name": "Eric Hough",
                    "email": "eric@ehough.com",
                    "homepage": "http://ehough.com"
                }
            ],
            "description": "Template library that uses pure PHP syntax. Nothing new to learn, blazingly fast, and compatible with PHP 5.2+.",
            "homepage": "https://github.com/ehough/contemplate",
            "time": "2013-05-30 22:20:52"
        },
        {
            "name": "ehough/curly",
            "version": "1.0.3",
            "source": {
                "type": "git",
                "url": "https://github.com/ehough/curly.git",
                "reference": "abd70d9ccaf774caa7496e77ae27d5c2eb66d2ce"
            },
            "dist": {
                "type": "zip",
                "url": "https://api.github.com/repos/ehough/curly/zipball/abd70d9ccaf774caa7496e77ae27d5c2eb66d2ce",
                "reference": "abd70d9ccaf774caa7496e77ae27d5c2eb66d2ce",
                "shasum": ""
            },
            "require": {
                "php": ">=5.2.0"
            },
            "type": "library",
            "autoload": {
                "psr-0": {
                    "ehough_curly": "src/main/php"
                }
            },
            "notification-url": "https://packagist.org/downloads/",
            "license": [
                "MPL-2.0"
            ],
            "authors": [
                {
                    "name": "Eric Hough",
                    "email": "eric@ehough.com",
                    "homepage": "http://ehough.com"
                }
            ],
            "description": "Powerful PHP class for working with URLs",
            "homepage": "https://github.com/ehough/curly",
            "time": "2013-04-04 19:52:21"
        },
        {
            "name": "ehough/epilog",
            "version": "1.7.0",
            "source": {
                "type": "git",
                "url": "https://github.com/ehough/epilog.git",
                "reference": "dbdb5edb126d5e09fb6cb05aab11451e584f8cbd"
            },
            "dist": {
                "type": "zip",
                "url": "https://api.github.com/repos/ehough/epilog/zipball/dbdb5edb126d5e09fb6cb05aab11451e584f8cbd",
                "reference": "dbdb5edb126d5e09fb6cb05aab11451e584f8cbd",
                "shasum": ""
            },
            "require": {
                "php": ">=5.2.0"
            },
            "require-dev": {
                "aws/aws-sdk-php": "~2.4.8",
                "doctrine/couchdb": "dev-master",
                "ehough/pulsar": "~2.3",
                "mlehner/gelf-php": "1.0.*",
                "phpunit/phpunit": "~3.7.0",
                "raven/raven": "0.5.*",
                "ruflin/elastica": "0.90.*"
            },
            "type": "library",
            "autoload": {
                "psr-0": {
                    "ehough_epilog": "src/main/php"
                }
            },
            "notification-url": "https://packagist.org/downloads/",
            "license": [
                "MIT"
            ],
            "authors": [
                {
                    "name": "Eric Hough",
                    "email": "eric@ehough.com",
                    "homepage": "http://ehough.com"
                }
            ],
            "description": "Fork of seldaek/monolog compatible with PHP 5.2+.",
            "homepage": "https://github.com/ehough/epilog",
            "time": "2013-12-05 02:07:00"
        },
        {
            "name": "ehough/filesystem",
            "version": "v2.4.1",
            "source": {
                "type": "git",
                "url": "https://github.com/ehough/filesystem.git",
                "reference": "bc52a3d6e78f069631909f273237fb85ba4a48a2"
            },
            "dist": {
                "type": "zip",
                "url": "https://api.github.com/repos/ehough/filesystem/zipball/bc52a3d6e78f069631909f273237fb85ba4a48a2",
                "reference": "bc52a3d6e78f069631909f273237fb85ba4a48a2",
                "shasum": ""
            },
            "require": {
                "php": ">=5.2"
            },
            "require-dev": {
                "phpunit/phpunit": "3.7.*"
            },
            "type": "library",
            "autoload": {
                "psr-0": {
                    "ehough_filesystem": "src/main/php"
                }
            },
            "notification-url": "https://packagist.org/downloads/",
            "license": [
                "MIT"
            ],
            "authors": [
                {
                    "name": "Eric Hough",
                    "email": "eric@ehough.com",
                    "homepage": "http://ehough.com"
                }
            ],
            "description": "Fork of Symfony's Filesystem Component compatible with PHP 5.2+",
            "keywords": [
                "filesystem"
            ],
            "time": "2014-02-04 18:50:02"
        },
        {
            "name": "ehough/finder",
            "version": "v2.4.1",
            "source": {
                "type": "git",
                "url": "https://github.com/ehough/finder.git",
                "reference": "449fc237e95509cda5b04b2e40cf037add4b4bd1"
            },
            "dist": {
                "type": "zip",
                "url": "https://api.github.com/repos/ehough/finder/zipball/449fc237e95509cda5b04b2e40cf037add4b4bd1",
                "reference": "449fc237e95509cda5b04b2e40cf037add4b4bd1",
                "shasum": ""
            },
            "require": {
                "ehough/filesystem": "~2.0",
                "php": ">=5.2"
            },
            "require-dev": {
                "phpunit/phpunit": "3.7.*"
            },
            "type": "library",
            "autoload": {
                "psr-0": {
                    "ehough_finder": "src/main/php"
                }
            },
            "notification-url": "https://packagist.org/downloads/",
            "license": [
                "MIT"
            ],
            "authors": [
                {
                    "name": "Eric Hough",
                    "email": "eric@ehough.com",
                    "homepage": "http://ehough.com"
                }
            ],
            "description": "Fork of Symfony's Finder Component compatible with PHP 5.2+",
            "time": "2014-02-04 18:58:50"
        },
        {
            "name": "ehough/iconic",
            "version": "v2.4.1",
            "source": {
                "type": "git",
                "url": "https://github.com/ehough/iconic.git",
                "reference": "18cfbca071ecf9c5c366b7bce56b38ec5cb9790d"
            },
            "dist": {
                "type": "zip",
                "url": "https://api.github.com/repos/ehough/iconic/zipball/18cfbca071ecf9c5c366b7bce56b38ec5cb9790d",
                "reference": "18cfbca071ecf9c5c366b7bce56b38ec5cb9790d",
                "shasum": ""
            },
            "require": {
                "php": ">=5.2.0"
            },
            "require-dev": {
                "phpunit/phpunit": "3.7.*",
                "symfony/config": "~2.2",
                "symfony/expression-language": "~2.4",
                "symfony/yaml": "~2.0"
            },
            "suggest": {
                "symfony/config": "",
                "symfony/proxy-manager-bridge": "Generate service proxies to lazy load them",
                "symfony/yaml": ""
            },
            "type": "library",
            "autoload": {
                "psr-0": {
                    "ehough_iconic": "src/main/php"
                }
            },
            "notification-url": "https://packagist.org/downloads/",
            "license": [
                "MIT"
            ],
            "authors": [
                {
                    "name": "Eric Hough",
                    "email": "eric@ehough.com",
                    "homepage": "http://ehough.com"
                }
            ],
            "description": "Fork of Symfony's Dependency Injection component compatible with PHP 5.2+.",
            "homepage": "https://github.com/ehough/iconic",
            "time": "2014-02-06 21:00:24"
        },
        {
            "name": "ehough/pulsar",
            "version": "v2.4.1",
            "source": {
                "type": "git",
                "url": "https://github.com/ehough/pulsar.git",
                "reference": "65ad9836f19a0743f05963d8c1f1fb031e045cd4"
            },
            "dist": {
                "type": "zip",
                "url": "https://api.github.com/repos/ehough/pulsar/zipball/65ad9836f19a0743f05963d8c1f1fb031e045cd4",
                "reference": "65ad9836f19a0743f05963d8c1f1fb031e045cd4",
                "shasum": ""
            },
            "require": {
                "php": ">=5.2"
            },
            "require-dev": {
                "phpunit/phpunit": "3.7.*",
                "symfony/finder": "~2.0"
            },
            "type": "library",
            "autoload": {
                "psr-0": {
                    "ehough_pulsar": "src/main/php"
                }
            },
            "notification-url": "https://packagist.org/downloads/",
            "license": [
                "MIT"
            ],
            "authors": [
                {
                    "name": "Eric Hough",
                    "email": "eric@ehough.com",
                    "homepage": "http://ehough.com"
                }
            ],
            "description": "Intelligent classloaders PHP 5",
            "homepage": "https://github.com/ehough/pulsar",
            "keywords": [
                "autoload",
                "autoloader",
                "psr-0"
            ],
            "time": "2014-02-06 19:45:09"
        },
        {
            "name": "ehough/shortstop",
            "version": "2.0.2",
            "source": {
                "type": "git",
                "url": "https://github.com/ehough/shortstop.git",
                "reference": "1014368f357322968d37b90f0beacfab973f6d78"
            },
            "dist": {
                "type": "zip",
                "url": "https://api.github.com/repos/ehough/shortstop/zipball/1014368f357322968d37b90f0beacfab973f6d78",
                "reference": "1014368f357322968d37b90f0beacfab973f6d78",
                "shasum": ""
            },
            "require": {
                "ehough/chaingang": "~1.0.0",
                "ehough/curly": "~1.0.0",
                "ehough/epilog": "~1.5",
                "ehough/tickertape": "~2.3",
                "php": ">=5.2"
            },
            "require-dev": {
                "ehough/mockery": "~0.8",
                "phpunit/phpunit": "3.7.*"
            },
            "type": "library",
            "autoload": {
                "psr-0": {
                    "ehough_shortstop": "src/main/php"
                }
            },
            "notification-url": "https://packagist.org/downloads/",
            "license": [
                "MPL-2.0"
            ],
            "authors": [
                {
                    "name": "Eric Hough",
                    "email": "eric@ehough.com",
                    "homepage": "http://ehough.com"
                }
            ],
            "description": "Fast and flexible HTTP client for PHP 5.2+",
            "homepage": "https://github.com/ehough/shortstop",
            "time": "2013-07-17 22:09:09"
        },
        {
            "name": "ehough/stash",
            "version": "v0.11.4",
            "source": {
                "type": "git",
                "url": "https://github.com/ehough/stash.git",
                "reference": "199a06cced0e8ba5441f2d09b9fc0fa1e1a83d6c"
            },
            "dist": {
                "type": "zip",
                "url": "https://api.github.com/repos/ehough/stash/zipball/199a06cced0e8ba5441f2d09b9fc0fa1e1a83d6c",
                "reference": "199a06cced0e8ba5441f2d09b9fc0fa1e1a83d6c",
                "shasum": ""
            },
            "require": {
                "php": ">=5.2.0"
            },
            "require-dev": {
                "phpunit/phpunit": "3.7.*"
            },
            "type": "library",
            "autoload": {
                "psr-0": {
                    "ehough_stash": "src/main/php",
                    "ehough_stash_test": "src/test/php"
                }
            },
            "notification-url": "https://packagist.org/downloads/",
            "license": [
                "BSD-3-Clause"
            ],
            "authors": [
                {
                    "name": "Eric Hough",
                    "email": "eric@ehough.com",
                    "homepage": "http://ehough.com"
                }
            ],
            "description": "Fork of tedivm/stash compatible with PHP 5.2+",
            "homepage": "http://github.com/ehough/stash",
            "keywords": [
                "apc",
                "cache",
                "caching",
                "memcached",
                "redis",
                "sessions"
            ],
            "time": "2013-12-29 23:18:35"
        },
        {
            "name": "ehough/tickertape",
            "version": "v2.4.1",
            "source": {
                "type": "git",
                "url": "https://github.com/ehough/tickertape.git",
                "reference": "5e1d381263f17ac2df94c71c115397abe35d9149"
            },
            "dist": {
                "type": "zip",
                "url": "https://api.github.com/repos/ehough/tickertape/zipball/5e1d381263f17ac2df94c71c115397abe35d9149",
                "reference": "5e1d381263f17ac2df94c71c115397abe35d9149",
                "shasum": ""
            },
            "require": {
                "php": ">=5.2"
            },
            "require-dev": {
                "ehough/iconic": "~2.3",
                "phpunit/phpunit": "3.7.*",
                "psr/log": "~1.0",
                "symfony/stopwatch": "~2.2"
            },
            "suggest": {
                "symfony/http-kernel": ""
            },
            "type": "library",
            "autoload": {
                "psr-0": {
                    "ehough_tickertape": "src/main/php"
                }
            },
            "notification-url": "https://packagist.org/downloads/",
            "license": [
                "MIT"
            ],
            "authors": [
                {
                    "name": "Eric Hough",
                    "email": "eric@ehough.com",
                    "homepage": "http://ehough.com"
                }
            ],
            "description": "Fork of Symfony's Event Dispatcher compatible with PHP 5.2+.",
            "homepage": "https://github.com/ehough/tickertape",
            "time": "2014-02-06 22:01:52"
        }
    ],
    "packages-dev": [
        {
            "name": "ehough/mockery",
            "version": "0.8.0",
            "source": {
                "type": "git",
                "url": "https://github.com/ehough/mockery.git",
                "reference": "baeb890e7335f2cca6362cb72e20cbdeaa35d968"
            },
            "dist": {
                "type": "zip",
                "url": "https://api.github.com/repos/ehough/mockery/zipball/baeb890e7335f2cca6362cb72e20cbdeaa35d968",
                "reference": "baeb890e7335f2cca6362cb72e20cbdeaa35d968",
                "shasum": ""
            },
            "require": {
                "lib-pcre": ">=7.0",
                "php": ">=5.2"
            },
            "require-dev": {
                "hamcrest/hamcrest": "1.1.0",
                "phpunit/phpunit": "3.7.*"
            },
            "type": "library",
            "autoload": {
                "psr-0": {
                    "ehough_mockery": "src/main/php"
                }
            },
            "notification-url": "https://packagist.org/downloads/",
            "license": [
                "BSD-3-Clause"
            ],
            "authors": [
                {
                    "name": "Eric Hough",
                    "email": "eric@ehough.com",
                    "homepage": "http://ehough.com"
                }
            ],
            "description": "Fork of padraic/mockery compatible with PHP 5.2+.",
            "homepage": "https://github.com/ehough/mockery",
            "keywords": [
                "BDD",
                "TDD",
                "library",
                "mock",
                "mock objects",
                "mockery",
                "stub",
                "test",
                "test double",
                "testing"
            ],
            "time": "2013-07-17 20:15:35"
        },
        {
            "name": "phpunit/php-code-coverage",
            "version": "1.2.15",
            "source": {
                "type": "git",
                "url": "https://github.com/sebastianbergmann/php-code-coverage.git",
                "reference": "6ba4ed2895d538a039d5d5866edc4ec0424c7852"
            },
            "dist": {
                "type": "zip",
                "url": "https://api.github.com/repos/sebastianbergmann/php-code-coverage/zipball/6ba4ed2895d538a039d5d5866edc4ec0424c7852",
                "reference": "6ba4ed2895d538a039d5d5866edc4ec0424c7852",
                "shasum": ""
            },
            "require": {
                "php": ">=5.3.3",
                "phpunit/php-file-iterator": ">=1.3.0@stable",
                "phpunit/php-text-template": ">=1.2.0@stable",
                "phpunit/php-token-stream": ">=1.1.3@stable"
            },
            "require-dev": {
                "phpunit/phpunit": "3.7.*@dev"
            },
            "suggest": {
                "ext-dom": "*",
                "ext-xdebug": ">=2.0.5"
            },
            "type": "library",
            "extra": {
                "branch-alias": {
                    "dev-master": "1.2.x-dev"
                }
            },
            "autoload": {
                "classmap": [
                    "PHP/"
                ]
            },
            "notification-url": "https://packagist.org/downloads/",
            "include-path": [
                ""
            ],
            "license": [
                "BSD-3-Clause"
            ],
            "authors": [
                {
                    "name": "Sebastian Bergmann",
                    "email": "sb@sebastian-bergmann.de",
                    "role": "lead"
                }
            ],
            "description": "Library that provides collection, processing, and rendering functionality for PHP code coverage information.",
            "homepage": "https://github.com/sebastianbergmann/php-code-coverage",
            "keywords": [
                "coverage",
                "testing",
                "xunit"
            ],
            "time": "2014-02-03 07:44:47"
        },
        {
            "name": "phpunit/php-file-iterator",
            "version": "1.3.4",
            "source": {
                "type": "git",
                "url": "https://github.com/sebastianbergmann/php-file-iterator.git",
                "reference": "acd690379117b042d1c8af1fafd61bde001bf6bb"
            },
            "dist": {
                "type": "zip",
                "url": "https://api.github.com/repos/sebastianbergmann/php-file-iterator/zipball/acd690379117b042d1c8af1fafd61bde001bf6bb",
                "reference": "acd690379117b042d1c8af1fafd61bde001bf6bb",
                "shasum": ""
            },
            "require": {
                "php": ">=5.3.3"
            },
            "type": "library",
            "autoload": {
                "classmap": [
                    "File/"
                ]
            },
            "notification-url": "https://packagist.org/downloads/",
            "include-path": [
                ""
            ],
            "license": [
                "BSD-3-Clause"
            ],
            "authors": [
                {
                    "name": "Sebastian Bergmann",
                    "email": "sb@sebastian-bergmann.de",
                    "role": "lead"
                }
            ],
            "description": "FilterIterator implementation that filters files based on a list of suffixes.",
            "homepage": "https://github.com/sebastianbergmann/php-file-iterator/",
            "keywords": [
                "filesystem",
                "iterator"
            ],
            "time": "2013-10-10 15:34:57"
        },
        {
            "name": "phpunit/php-text-template",
            "version": "1.2.0",
            "source": {
                "type": "git",
                "url": "https://github.com/sebastianbergmann/php-text-template.git",
                "reference": "206dfefc0ffe9cebf65c413e3d0e809c82fbf00a"
            },
            "dist": {
                "type": "zip",
                "url": "https://api.github.com/repos/sebastianbergmann/php-text-template/zipball/206dfefc0ffe9cebf65c413e3d0e809c82fbf00a",
                "reference": "206dfefc0ffe9cebf65c413e3d0e809c82fbf00a",
                "shasum": ""
            },
            "require": {
                "php": ">=5.3.3"
            },
            "type": "library",
            "autoload": {
                "classmap": [
                    "Text/"
                ]
            },
            "notification-url": "https://packagist.org/downloads/",
            "include-path": [
                ""
            ],
            "license": [
                "BSD-3-Clause"
            ],
            "authors": [
                {
                    "name": "Sebastian Bergmann",
                    "email": "sb@sebastian-bergmann.de",
                    "role": "lead"
                }
            ],
            "description": "Simple template engine.",
            "homepage": "https://github.com/sebastianbergmann/php-text-template/",
            "keywords": [
                "template"
            ],
            "time": "2014-01-30 17:20:04"
        },
        {
            "name": "phpunit/php-timer",
            "version": "1.0.5",
            "source": {
                "type": "git",
                "url": "https://github.com/sebastianbergmann/php-timer.git",
                "reference": "19689d4354b295ee3d8c54b4f42c3efb69cbc17c"
            },
            "dist": {
                "type": "zip",
                "url": "https://api.github.com/repos/sebastianbergmann/php-timer/zipball/19689d4354b295ee3d8c54b4f42c3efb69cbc17c",
                "reference": "19689d4354b295ee3d8c54b4f42c3efb69cbc17c",
                "shasum": ""
            },
            "require": {
                "php": ">=5.3.3"
            },
            "type": "library",
            "autoload": {
                "classmap": [
                    "PHP/"
                ]
            },
            "notification-url": "https://packagist.org/downloads/",
            "include-path": [
                ""
            ],
            "license": [
                "BSD-3-Clause"
            ],
            "authors": [
                {
                    "name": "Sebastian Bergmann",
                    "email": "sb@sebastian-bergmann.de",
                    "role": "lead"
                }
            ],
            "description": "Utility class for timing",
            "homepage": "https://github.com/sebastianbergmann/php-timer/",
            "keywords": [
                "timer"
            ],
            "time": "2013-08-02 07:42:54"
        },
        {
            "name": "phpunit/php-token-stream",
            "version": "1.2.1",
            "source": {
                "type": "git",
                "url": "https://github.com/sebastianbergmann/php-token-stream.git",
                "reference": "5220af2a7929aa35cf663d97c89ad3d50cf5fa3e"
            },
            "dist": {
                "type": "zip",
                "url": "https://api.github.com/repos/sebastianbergmann/php-token-stream/zipball/5220af2a7929aa35cf663d97c89ad3d50cf5fa3e",
                "reference": "5220af2a7929aa35cf663d97c89ad3d50cf5fa3e",
                "shasum": ""
            },
            "require": {
                "ext-tokenizer": "*",
                "php": ">=5.3.3"
            },
            "type": "library",
            "extra": {
                "branch-alias": {
                    "dev-master": "1.2-dev"
                }
            },
            "autoload": {
                "classmap": [
                    "PHP/"
                ]
            },
            "notification-url": "https://packagist.org/downloads/",
            "include-path": [
                ""
            ],
            "license": [
                "BSD-3-Clause"
            ],
            "authors": [
                {
                    "name": "Sebastian Bergmann",
                    "email": "sb@sebastian-bergmann.de",
                    "role": "lead"
                }
            ],
            "description": "Wrapper around PHP's tokenizer extension.",
            "homepage": "https://github.com/sebastianbergmann/php-token-stream/",
            "keywords": [
                "tokenizer"
            ],
            "time": "2013-09-13 04:58:23"
        },
        {
            "name": "phpunit/phpunit",
            "version": "3.7.31",
            "source": {
                "type": "git",
                "url": "https://github.com/sebastianbergmann/phpunit.git",
                "reference": "d24e9877331039582497052cc3c4d9f465b88210"
            },
            "dist": {
                "type": "zip",
                "url": "https://api.github.com/repos/sebastianbergmann/phpunit/zipball/d24e9877331039582497052cc3c4d9f465b88210",
                "reference": "d24e9877331039582497052cc3c4d9f465b88210",
                "shasum": ""
            },
            "require": {
                "ext-dom": "*",
                "ext-pcre": "*",
                "ext-reflection": "*",
                "ext-spl": "*",
                "php": ">=5.3.3",
                "phpunit/php-code-coverage": "~1.2.1",
                "phpunit/php-file-iterator": ">=1.3.1",
                "phpunit/php-text-template": ">=1.1.1",
                "phpunit/php-timer": ">=1.0.4",
                "phpunit/phpunit-mock-objects": "~1.2.0",
                "symfony/yaml": "~2.0"
            },
            "require-dev": {
                "pear-pear/pear": "1.9.4"
            },
            "suggest": {
                "ext-json": "*",
                "ext-simplexml": "*",
                "ext-tokenizer": "*",
                "phpunit/php-invoker": ">=1.1.0,<1.2.0"
            },
            "bin": [
                "composer/bin/phpunit"
            ],
            "type": "library",
            "extra": {
                "branch-alias": {
                    "dev-master": "3.7.x-dev"
                }
            },
            "autoload": {
                "classmap": [
                    "PHPUnit/"
                ]
            },
            "notification-url": "https://packagist.org/downloads/",
            "include-path": [
                "",
                "../../symfony/yaml/"
            ],
            "license": [
                "BSD-3-Clause"
            ],
            "authors": [
                {
                    "name": "Sebastian Bergmann",
                    "email": "sebastian@phpunit.de",
                    "role": "lead"
                }
            ],
            "description": "The PHP Unit Testing framework.",
            "homepage": "http://www.phpunit.de/",
            "keywords": [
                "phpunit",
                "testing",
                "xunit"
            ],
            "time": "2014-02-03 07:46:27"
        },
        {
            "name": "phpunit/phpunit-mock-objects",
            "version": "1.2.3",
            "source": {
                "type": "git",
                "url": "https://github.com/sebastianbergmann/phpunit-mock-objects.git",
                "reference": "5794e3c5c5ba0fb037b11d8151add2a07fa82875"
            },
            "dist": {
                "type": "zip",
                "url": "https://api.github.com/repos/sebastianbergmann/phpunit-mock-objects/zipball/5794e3c5c5ba0fb037b11d8151add2a07fa82875",
                "reference": "5794e3c5c5ba0fb037b11d8151add2a07fa82875",
                "shasum": ""
            },
            "require": {
                "php": ">=5.3.3",
                "phpunit/php-text-template": ">=1.1.1@stable"
            },
            "suggest": {
                "ext-soap": "*"
            },
            "type": "library",
            "autoload": {
                "classmap": [
                    "PHPUnit/"
                ]
            },
            "notification-url": "https://packagist.org/downloads/",
            "include-path": [
                ""
            ],
            "license": [
                "BSD-3-Clause"
            ],
            "authors": [
                {
                    "name": "Sebastian Bergmann",
                    "email": "sb@sebastian-bergmann.de",
                    "role": "lead"
                }
            ],
            "description": "Mock Object library for PHPUnit",
            "homepage": "https://github.com/sebastianbergmann/phpunit-mock-objects/",
            "keywords": [
                "mock",
                "xunit"
            ],
            "time": "2013-01-13 10:24:48"
        },
        {
            "name": "symfony/class-loader",
            "version": "dev-master",
            "target-dir": "Symfony/Component/ClassLoader",
            "source": {
                "type": "git",
                "url": "https://github.com/symfony/ClassLoader.git",
                "reference": "ecb7ab5d415ddde7fe676b6c8d95d8142eb6154b"
            },
            "dist": {
                "type": "zip",
                "url": "https://api.github.com/repos/symfony/ClassLoader/zipball/ecb7ab5d415ddde7fe676b6c8d95d8142eb6154b",
                "reference": "ecb7ab5d415ddde7fe676b6c8d95d8142eb6154b",
                "shasum": ""
            },
            "require": {
                "php": ">=5.3.3"
            },
            "require-dev": {
                "symfony/finder": "~2.0"
            },
            "type": "library",
            "extra": {
                "branch-alias": {
                    "dev-master": "2.5-dev"
                }
            },
            "autoload": {
                "psr-0": {
                    "Symfony\\Component\\ClassLoader\\": ""
                }
            },
            "notification-url": "https://packagist.org/downloads/",
            "license": [
                "MIT"
            ],
            "authors": [
                {
                    "name": "Fabien Potencier",
                    "email": "fabien@symfony.com",
                    "homepage": "http://fabien.potencier.org",
                    "role": "Lead Developer"
                },
                {
                    "name": "Symfony Community",
                    "homepage": "http://symfony.com/contributors"
                }
            ],
            "description": "Symfony ClassLoader Component",
            "homepage": "http://symfony.com",
            "time": "2014-02-11 13:52:21"
        },
        {
            "name": "symfony/yaml",
            "version": "v2.4.2",
            "target-dir": "Symfony/Component/Yaml",
            "source": {
                "type": "git",
                "url": "https://github.com/symfony/Yaml.git",
                "reference": "bb6ddaf8956139d1b8c360b4b713ed0138e876b3"
            },
            "dist": {
                "type": "zip",
                "url": "https://api.github.com/repos/symfony/Yaml/zipball/bb6ddaf8956139d1b8c360b4b713ed0138e876b3",
                "reference": "bb6ddaf8956139d1b8c360b4b713ed0138e876b3",
                "shasum": ""
            },
            "require": {
                "php": ">=5.3.3"
            },
            "type": "library",
            "extra": {
                "branch-alias": {
                    "dev-master": "2.4-dev"
                }
            },
            "autoload": {
                "psr-0": {
                    "Symfony\\Component\\Yaml\\": ""
                }
            },
            "notification-url": "https://packagist.org/downloads/",
            "license": [
                "MIT"
            ],
            "authors": [
                {
                    "name": "Fabien Potencier",
                    "email": "fabien@symfony.com",
                    "homepage": "http://fabien.potencier.org",
                    "role": "Lead Developer"
                },
                {
                    "name": "Symfony Community",
                    "homepage": "http://symfony.com/contributors"
                }
            ],
            "description": "Symfony Yaml Component",
            "homepage": "http://symfony.com",
            "time": "2014-01-07 13:28:54"
        }
    ],
    "aliases": [

    ],
    "minimum-stability": "stable",
    "stability-flags": {
        "symfony/class-loader": 20
    },
    "platform": [

    ],
    "platform-dev": [

    ]
}
