{
    "hash": "e2302769b07d3f1f5ee13e9ca625af5e",
    "packages": [
        {
            "package": "ehough/chaingang",
            "version": "1.0.1"
        },
        {
            "package": "ehough/epilog",
            "version": "1.5.1"
        },
        {
            "package": "ehough/fimble",
            "version": "1.1.0"
        }
    ],
    "packages-dev": null,
    "aliases": [

    ],
    "minimum-stability": "stable",
    "stability-flags": [

    ]
}
