{
    "hash": "5d4c74dad5b02be259b3f73c4f5342ad",
    "packages": [
        {
            "package": "ehough/chaingang",
            "version": "1.0.1"
        },
        {
            "package": "ehough/epilog",
            "version": "1.5.1"
        }
    ],
    "packages-dev": null,
    "aliases": [

    ],
    "minimum-stability": "stable",
    "stability-flags": [

    ]
}
