FORGE
  remote: https://forgeapi.puppetlabs.com
  specs:
    puppetlabs-apache (1.7.1)
      puppetlabs-concat (< 2.0.0, >= 1.1.1)
      puppetlabs-stdlib (< 5.0.0, >= 2.4.0)
    puppetlabs-apt (2.2.1)
      puppetlabs-stdlib (< 5.0.0, >= 4.5.0)
    puppetlabs-concat (1.2.5)
      puppetlabs-stdlib (< 5.0.0, >= 3.2.0)
    puppetlabs-inifile (1.4.3)
    puppetlabs-mongodb (0.11.0)
      puppetlabs-apt (< 3.0.0, >= 1.0.0)
      puppetlabs-stdlib (< 5.0.0, >= 2.2.0)
    puppetlabs-ntp (4.1.2)
      puppetlabs-stdlib (< 5.0.0, >= 4.6.0)
    puppetlabs-stdlib (4.11.0)
    puppetlabs-vcsrepo (1.3.2)
    saz-timezone (3.3.0)
      puppetlabs-stdlib (>= 2.3.0)

GIT
  remote: git@github.com:jippi/puppet-php.git
  ref: master
  sha: 89e5c1623d24b4a36b0ec66d32974e69eb48d4ea
  specs:
    nodes-php (0.9.0)
      puppetlabs-apt (> 0.0.0)
      puppetlabs-inifile (> 0.0.0)
      puppetlabs-stdlib (> 0.0.0)

DEPENDENCIES
  nodes-php (>= 0)
  puppetlabs-apache (>= 0)
  puppetlabs-apt (>= 0)
  puppetlabs-inifile (>= 0)
  puppetlabs-mongodb (>= 0)
  puppetlabs-ntp (>= 0)
  puppetlabs-vcsrepo (>= 0)
  saz-timezone (>= 0)

